Microsoft Visual Studio Solution File, Format Version 12.00
# Visual Studio Version 18
VisualStudioVersion = 18.0.11111.16
MinimumVisualStudioVersion = 10.0.40219.1
Project("{2150E333-8FDC-42A3-9474-1A3956D46DE8}") = "Solution Items", "Solution Items", "{57E53219-0185-4176-B4E3-5B0FE432BE7F}"
	ProjectSection(SolutionItems) = preProject
		.editorconfig = .editorconfig
		.gitattributes = .gitattributes
		.gitignore = .gitignore
		Alembic.dist.msbuildproj = Alembic.dist.msbuildproj
		.github\workflows\Alembic.yml = .github\workflows\Alembic.yml
		Directory.Build.props = Directory.Build.props
		Directory.Build.targets = Directory.Build.targets
		GitVersion.yml = GitVersion.yml
		global.json = global.json
		LICENSE = LICENSE
		NOTICE = NOTICE
		OUTPUT.md = OUTPUT.md
		PLAN.md = PLAN.md
		PORT.md = PORT.md
		README.md = README.md
		THEORY.md = THEORY.md
	EndProjectSection
EndProject
Project("{2150E333-8FDC-42A3-9474-1A3956D46DE8}") = "src", "src", "{6FD8F356-06C9-438B-BFFB-C77CF4E8DCAD}"
EndProject
Project("{2150E333-8FDC-42A3-9474-1A3956D46DE8}") = "dist", "dist", "{01DDE2C4-B95F-463D-B5B4-0AF6B429BA6C}"
EndProject
Project("{FAE04EC0-301F-11D3-BF4B-00C04F79EFBC}") = "Alembic", "src\Alembic\Alembic.csproj", "{FFD6FB32-19E4-4958-ABD4-050E57A0E7CD}"
EndProject
Project("{FAE04EC0-301F-11D3-BF4B-00C04F79EFBC}") = "Alembic.Tests", "src\Alembic.Tests\Alembic.Tests.csproj", "{0F3AE7E6-C7A1-4879-A71A-345C34F5D27F}"
EndProject
Project("{FAE04EC0-301F-11D3-BF4B-00C04F79EFBC}") = "Alembic.Benchmarks", "src\Alembic.Benchmarks\Alembic.Benchmarks.csproj", "{FB649F90-8C14-4F60-9790-DB5ABAACF0C9}"
EndProject
Project("{FAE04EC0-301F-11D3-BF4B-00C04F79EFBC}") = "dist-nuget", "src\dist-nuget\dist-nuget.csproj", "{0D99F565-13BF-472B-8711-B177333239A2}"
EndProject
Project("{FAE04EC0-301F-11D3-BF4B-00C04F79EFBC}") = "dist-tests", "src\dist-tests\dist-tests.csproj", "{5DA93158-9C41-4A08-BC81-F1A561A55C70}"
EndProject
Global
	GlobalSection(SolutionConfigurationPlatforms) = preSolution
		Debug|Any CPU = Debug|Any CPU
		Release|Any CPU = Release|Any CPU
	EndGlobalSection
	GlobalSection(ProjectConfigurationPlatforms) = postSolution
		{FFD6FB32-19E4-4958-ABD4-050E57A0E7CD}.Debug|Any CPU.ActiveCfg = Debug|Any CPU
		{FFD6FB32-19E4-4958-ABD4-050E57A0E7CD}.Debug|Any CPU.Build.0 = Debug|Any CPU
		{FFD6FB32-19E4-4958-ABD4-050E57A0E7CD}.Release|Any CPU.ActiveCfg = Release|Any CPU
		{FFD6FB32-19E4-4958-ABD4-050E57A0E7CD}.Release|Any CPU.Build.0 = Release|Any CPU
		{0F3AE7E6-C7A1-4879-A71A-345C34F5D27F}.Debug|Any CPU.ActiveCfg = Debug|Any CPU
		{0F3AE7E6-C7A1-4879-A71A-345C34F5D27F}.Debug|Any CPU.Build.0 = Debug|Any CPU
		{0F3AE7E6-C7A1-4879-A71A-345C34F5D27F}.Release|Any CPU.ActiveCfg = Release|Any CPU
		{0F3AE7E6-C7A1-4879-A71A-345C34F5D27F}.Release|Any CPU.Build.0 = Release|Any CPU
		{FB649F90-8C14-4F60-9790-DB5ABAACF0C9}.Debug|Any CPU.ActiveCfg = Debug|Any CPU
		{FB649F90-8C14-4F60-9790-DB5ABAACF0C9}.Debug|Any CPU.Build.0 = Debug|Any CPU
		{FB649F90-8C14-4F60-9790-DB5ABAACF0C9}.Release|Any CPU.ActiveCfg = Release|Any CPU
		{FB649F90-8C14-4F60-9790-DB5ABAACF0C9}.Release|Any CPU.Build.0 = Release|Any CPU
		{0D99F565-13BF-472B-8711-B177333239A2}.Debug|Any CPU.ActiveCfg = Debug|Any CPU
		{0D99F565-13BF-472B-8711-B177333239A2}.Debug|Any CPU.Build.0 = Debug|Any CPU
		{0D99F565-13BF-472B-8711-B177333239A2}.Release|Any CPU.ActiveCfg = Release|Any CPU
		{0D99F565-13BF-472B-8711-B177333239A2}.Release|Any CPU.Build.0 = Release|Any CPU
		{5DA93158-9C41-4A08-BC81-F1A561A55C70}.Debug|Any CPU.ActiveCfg = Debug|Any CPU
		{5DA93158-9C41-4A08-BC81-F1A561A55C70}.Debug|Any CPU.Build.0 = Debug|Any CPU
		{5DA93158-9C41-4A08-BC81-F1A561A55C70}.Release|Any CPU.ActiveCfg = Release|Any CPU
		{5DA93158-9C41-4A08-BC81-F1A561A55C70}.Release|Any CPU.Build.0 = Release|Any CPU
	EndGlobalSection
	GlobalSection(SolutionProperties) = preSolution
		HideSolutionNode = FALSE
	EndGlobalSection
	GlobalSection(NestedProjects) = preSolution
		{01DDE2C4-B95F-463D-B5B4-0AF6B429BA6C} = {6FD8F356-06C9-438B-BFFB-C77CF4E8DCAD}
		{FFD6FB32-19E4-4958-ABD4-050E57A0E7CD} = {6FD8F356-06C9-438B-BFFB-C77CF4E8DCAD}
		{0F3AE7E6-C7A1-4879-A71A-345C34F5D27F} = {6FD8F356-06C9-438B-BFFB-C77CF4E8DCAD}
		{FB649F90-8C14-4F60-9790-DB5ABAACF0C9} = {6FD8F356-06C9-438B-BFFB-C77CF4E8DCAD}
		{0D99F565-13BF-472B-8711-B177333239A2} = {01DDE2C4-B95F-463D-B5B4-0AF6B429BA6C}
		{5DA93158-9C41-4A08-BC81-F1A561A55C70} = {01DDE2C4-B95F-463D-B5B4-0AF6B429BA6C}
	EndGlobalSection
	GlobalSection(ExtensibilityGlobals) = postSolution
		SolutionGuid = {2184B0BF-1C3F-4FD2-A088-24F1301D4E39}
	EndGlobalSection
EndGlobal
